
Microsoft Visual Studio Solution File, Format Version 12.00
# Visual Studio Version 16
VisualStudioVersion = 16.0.29418.71
MinimumVisualStudioVersion = 10.0.40219.1
Project("{FAE04EC0-301F-11D3-BF4B-00C04F79EFBC}") = "Student Service", "Student Service\Student Service.csproj", "{7B06D038-5726-4699-BD61-3462740DC75F}"
EndProject
Global
	GlobalSection(SolutionConfigurationPlatforms) = preSolution
		Debug|Any CPU = Debug|Any CPU
		Release|Any CPU = Release|Any CPU
	EndGlobalSection
	GlobalSection(ProjectConfigurationPlatforms) = postSolution
		{7B06D038-5726-4699-BD61-3462740DC75F}.Debug|Any CPU.ActiveCfg = Debug|Any CPU
		{7B06D038-5726-4699-BD61-3462740DC75F}.Debug|Any CPU.Build.0 = Debug|Any CPU
		{7B06D038-5726-4699-BD61-3462740DC75F}.Release|Any CPU.ActiveCfg = Release|Any CPU
		{7B06D038-5726-4699-BD61-3462740DC75F}.Release|Any CPU.Build.0 = Release|Any CPU
	EndGlobalSection
	GlobalSection(SolutionProperties) = preSolution
		HideSolutionNode = FALSE
	EndGlobalSection
	GlobalSection(ExtensibilityGlobals) = postSolution
		SolutionGuid = {6C298264-D5A2-4F76-81D8-C69AB14BB816}
	EndGlobalSection
EndGlobal
